
Microsoft Visual Studio Solution File, Format Version 12.00
# Visual Studio Version 16
VisualStudioVersion = 16.0.32602.291
MinimumVisualStudioVersion = 10.0.40219.1
Project("{8BC9CEB8-8B4A-11D0-8D11-00A0C91BC942}") = "camera_window", "camera_window.vcxproj", "{B8790337-7BE9-308D-25BA-0F9855F73F20}"
EndProject
Global
	GlobalSection(SolutionConfigurationPlatforms) = preSolution
		Debug|x64 = Debug|x64
		Release|x64 = Release|x64
	EndGlobalSection
	GlobalSection(ProjectConfigurationPlatforms) = postSolution
		{B8790337-7BE9-308D-25BA-0F9855F73F20}.Debug|x64.ActiveCfg = Debug|x64
		{B8790337-7BE9-308D-25BA-0F9855F73F20}.Debug|x64.Build.0 = Debug|x64
		{B8790337-7BE9-308D-25BA-0F9855F73F20}.Release|x64.ActiveCfg = Release|x64
		{B8790337-7BE9-308D-25BA-0F9855F73F20}.Release|x64.Build.0 = Release|x64
	EndGlobalSection
	GlobalSection(SolutionProperties) = preSolution
		HideSolutionNode = FALSE
	EndGlobalSection
	GlobalSection(ExtensibilityGlobals) = postSolution
		SolutionGuid = {E4AFDF62-42E6-49A9-9FBA-2A7AB865EE56}
	EndGlobalSection
EndGlobal
